
Microsoft Visual Studio Solution File, Format Version 12.00
# Visual Studio 15
VisualStudioVersion = 15.0.27130.2027
MinimumVisualStudioVersion = 10.0.40219.1
Project("{FAE04EC0-301F-11D3-BF4B-00C04F79EFBC}") = "Kontur.ImageTransformer", "Kontur.ImageTransformer\Kontur.ImageTransformer.csproj", "{9801585B-D1AA-4078-B9C4-7B7F8883E55E}"
EndProject
Project("{FAE04EC0-301F-11D3-BF4B-00C04F79EFBC}") = "ImageTransformer.Tests", "ImageTransformer.Tests\ImageTransformer.Tests.csproj", "{8EDF4429-251A-416D-BB68-93F227191BCF}"
EndProject
Project("{FAE04EC0-301F-11D3-BF4B-00C04F79EFBC}") = "SAEA-HTTPD", "..\..\..\libs\dotnet\SAEA-HTTPD\SAEA-HTTPD\SAEA-HTTPD.csproj", "{8F573429-C748-45B0-9CD1-930D6C86A2BB}"
EndProject
Global
	GlobalSection(SolutionConfigurationPlatforms) = preSolution
		Debug|Any CPU = Debug|Any CPU
		Release|Any CPU = Release|Any CPU
	EndGlobalSection
	GlobalSection(ProjectConfigurationPlatforms) = postSolution
		{9801585B-D1AA-4078-B9C4-7B7F8883E55E}.Debug|Any CPU.ActiveCfg = Debug|Any CPU
		{9801585B-D1AA-4078-B9C4-7B7F8883E55E}.Debug|Any CPU.Build.0 = Debug|Any CPU
		{9801585B-D1AA-4078-B9C4-7B7F8883E55E}.Release|Any CPU.ActiveCfg = Release|Any CPU
		{9801585B-D1AA-4078-B9C4-7B7F8883E55E}.Release|Any CPU.Build.0 = Release|Any CPU
		{8EDF4429-251A-416D-BB68-93F227191BCF}.Debug|Any CPU.ActiveCfg = Debug|Any CPU
		{8EDF4429-251A-416D-BB68-93F227191BCF}.Debug|Any CPU.Build.0 = Debug|Any CPU
		{8EDF4429-251A-416D-BB68-93F227191BCF}.Release|Any CPU.ActiveCfg = Release|Any CPU
		{8EDF4429-251A-416D-BB68-93F227191BCF}.Release|Any CPU.Build.0 = Release|Any CPU
		{8F573429-C748-45B0-9CD1-930D6C86A2BB}.Debug|Any CPU.ActiveCfg = Debug|Any CPU
		{8F573429-C748-45B0-9CD1-930D6C86A2BB}.Debug|Any CPU.Build.0 = Debug|Any CPU
		{8F573429-C748-45B0-9CD1-930D6C86A2BB}.Release|Any CPU.ActiveCfg = Release|Any CPU
		{8F573429-C748-45B0-9CD1-930D6C86A2BB}.Release|Any CPU.Build.0 = Release|Any CPU
	EndGlobalSection
	GlobalSection(SolutionProperties) = preSolution
		HideSolutionNode = FALSE
	EndGlobalSection
	GlobalSection(ExtensibilityGlobals) = postSolution
		SolutionGuid = {B54A5E3E-1FD9-466E-90E3-156515C3D2B2}
	EndGlobalSection
EndGlobal
